
Microsoft Visual Studio Solution File, Format Version 12.00
# Visual Studio Version 17
VisualStudioVersion = 17.9.34622.214
MinimumVisualStudioVersion = 10.0.40219.1
Project("{FAE04EC0-301F-11D3-BF4B-00C04F79EFBC}") = "Gypphy", "Gypphy.csproj", "{BF27037F-D846-46D4-B3E3-C280135D039D}"
EndProject
Global
	GlobalSection(SolutionConfigurationPlatforms) = preSolution
		Debug|Any CPU = Debug|Any CPU
		Release|Any CPU = Release|Any CPU
	EndGlobalSection
	GlobalSection(ProjectConfigurationPlatforms) = postSolution
		{BF27037F-D846-46D4-B3E3-C280135D039D}.Debug|Any CPU.ActiveCfg = Debug|Any CPU
		{BF27037F-D846-46D4-B3E3-C280135D039D}.Debug|Any CPU.Build.0 = Debug|Any CPU
		{BF27037F-D846-46D4-B3E3-C280135D039D}.Release|Any CPU.ActiveCfg = Release|Any CPU
		{BF27037F-D846-46D4-B3E3-C280135D039D}.Release|Any CPU.Build.0 = Release|Any CPU
	EndGlobalSection
	GlobalSection(SolutionProperties) = preSolution
		HideSolutionNode = FALSE
	EndGlobalSection
	GlobalSection(ExtensibilityGlobals) = postSolution
		SolutionGuid = {AC9EE2AC-1F84-4151-8AD0-D8E53E724C0A}
	EndGlobalSection
EndGlobal
